
Microsoft Visual Studio Solution File, Format Version 12.00
# Visual Studio Version 17
VisualStudioVersion = 17.9.34902.65
MinimumVisualStudioVersion = 10.0.40219.1
Project("{9A19103F-16F7-4668-BE54-9A1E7A4F7556}") = "lab1", "lab1\lab1.csproj", "{A288E0CE-E2E9-4D55-AC2F-727711DDDF79}"
EndProject
Project("{FAE04EC0-301F-11D3-BF4B-00C04F79EFBC}") = "lab2", "lab2\lab2.csproj", "{578B18CA-50B0-4B81-9FB0-14673891F967}"
EndProject
Global
	GlobalSection(SolutionConfigurationPlatforms) = preSolution
		Debug|Any CPU = Debug|Any CPU
		Release|Any CPU = Release|Any CPU
	EndGlobalSection
	GlobalSection(ProjectConfigurationPlatforms) = postSolution
		{A288E0CE-E2E9-4D55-AC2F-727711DDDF79}.Debug|Any CPU.ActiveCfg = Debug|Any CPU
		{A288E0CE-E2E9-4D55-AC2F-727711DDDF79}.Debug|Any CPU.Build.0 = Debug|Any CPU
		{A288E0CE-E2E9-4D55-AC2F-727711DDDF79}.Release|Any CPU.ActiveCfg = Release|Any CPU
		{A288E0CE-E2E9-4D55-AC2F-727711DDDF79}.Release|Any CPU.Build.0 = Release|Any CPU
		{578B18CA-50B0-4B81-9FB0-14673891F967}.Debug|Any CPU.ActiveCfg = Debug|Any CPU
		{578B18CA-50B0-4B81-9FB0-14673891F967}.Debug|Any CPU.Build.0 = Debug|Any CPU
		{578B18CA-50B0-4B81-9FB0-14673891F967}.Release|Any CPU.ActiveCfg = Release|Any CPU
		{578B18CA-50B0-4B81-9FB0-14673891F967}.Release|Any CPU.Build.0 = Release|Any CPU
	EndGlobalSection
	GlobalSection(SolutionProperties) = preSolution
		HideSolutionNode = FALSE
	EndGlobalSection
	GlobalSection(ExtensibilityGlobals) = postSolution
		SolutionGuid = {C92E351C-94F7-4D2B-9108-D7E192711385}
	EndGlobalSection
EndGlobal
